// !$*UTF8*$!
{
	archiveVersion = 1;
	classes = {
	};
	objectVersion = 60;
	objects = {

/* Begin PBXBuildFile section */
		AA0000000000000000000011 /* BFA7BridgeApp.swift in Sources */ = {isa = PBXBuildFile; fileRef = AA0000000000000000000021 /* BFA7BridgeApp.swift */; };
		AA0000000000000000000012 /* BluetoothManager.swift in Sources */ = {isa = PBXBuildFile; fileRef = AA0000000000000000000022 /* BluetoothManager.swift */; };
		AA0000000000000000000013 /* ContentView.swift in Sources */ = {isa = PBXBuildFile; fileRef = AA0000000000000000000023 /* ContentView.swift */; };
		AA0000000000000000000015 /* BFA7EventBus.swift in Sources */ = {isa = PBXBuildFile; fileRef = AA0000000000000000000025 /* BFA7EventBus.swift */; };
		AA0000000000000000000016 /* BFA7LabModels.swift in Sources */ = {isa = PBXBuildFile; fileRef = AA0000000000000000000026 /* BFA7LabModels.swift */; };
		AA0000000000000000000014 /* Info.plist in Resources */ = {isa = PBXBuildFile; fileRef = AA0000000000000000000024 /* Info.plist */; };
		AA0000000000000000000017 /* GlassesTransport.swift in Sources */ = {isa = PBXBuildFile; fileRef = AA0000000000000000000027 /* GlassesTransport.swift */; };
		AA0000000000000000000018 /* MediaTransfer.swift in Sources */ = {isa = PBXBuildFile; fileRef = AA0000000000000000000028 /* MediaTransfer.swift */; };
		AA0000000000000000000019 /* AIProvider.swift in Sources */ = {isa = PBXBuildFile; fileRef = AA0000000000000000000029 /* AIProvider.swift */; };
		AA000000000000000000001A /* VoiceIO.swift in Sources */ = {isa = PBXBuildFile; fileRef = AA000000000000000000002A /* VoiceIO.swift */; };
		AA000000000000000000001B /* CommandSession.swift in Sources */ = {isa = PBXBuildFile; fileRef = AA000000000000000000002B /* CommandSession.swift */; };
		AA000000000000000000001C /* BFA7AppIntents.swift in Sources */ = {isa = PBXBuildFile; fileRef = AA000000000000000000002C /* BFA7AppIntents.swift */; };
		AA000000000000000000001D /* ProtocolLab.swift in Sources */ = {isa = PBXBuildFile; fileRef = AA000000000000000000002D /* ProtocolLab.swift */; };
		AA000000000000000000001E /* WiFiImportLab.swift in Sources */ = {isa = PBXBuildFile; fileRef = AA000000000000000000002E /* WiFiImportLab.swift */; };
		AA000000000000000000001F /* SystemCaptureProbe.swift in Sources */ = {isa = PBXBuildFile; fileRef = AA000000000000000000002F /* SystemCaptureProbe.swift */; };
		AA0000000000000000000092 /* SpeechTranscriber.swift in Sources */ = {isa = PBXBuildFile; fileRef = AA0000000000000000000091 /* SpeechTranscriber.swift */; };
		AA0000000000000000000094 /* BFA7SVProtocol.swift in Sources */ = {isa = PBXBuildFile; fileRef = AA0000000000000000000093 /* BFA7SVProtocol.swift */; };
		AA0000000000000000000096 /* BFA7WiFiJoiner.swift in Sources */ = {isa = PBXBuildFile; fileRef = AA0000000000000000000095 /* BFA7WiFiJoiner.swift */; };
		AA0000000000000000000098 /* BFA7WearPacketProtocol.swift in Sources */ = {isa = PBXBuildFile; fileRef = AA0000000000000000000099 /* BFA7WearPacketProtocol.swift */; };
		AA00000000000000000000A1 /* RussianAgentSession.swift in Sources */ = {isa = PBXBuildFile; fileRef = AA00000000000000000000A2 /* RussianAgentSession.swift */; };
		AA00000000000000000000A3 /* MIWBTAESCTR.swift in Sources */ = {isa = PBXBuildFile; fileRef = AA00000000000000000000A4 /* MIWBTAESCTR.swift */; };
/* End PBXBuildFile section */

/* Begin PBXFileReference section */
		AA0000000000000000000020 /* BFA7Bridge.app */ = {isa = PBXFileReference; explicitFileType = wrapper.application; includeInIndex = 0; path = BFA7Bridge.app; sourceTree = BUILT_PRODUCTS_DIR; };
		AA0000000000000000000021 /* BFA7BridgeApp.swift */ = {isa = PBXFileReference; lastKnownFileType = sourcecode.swift; path = BFA7BridgeApp.swift; sourceTree = "<group>"; };
		AA0000000000000000000022 /* BluetoothManager.swift */ = {isa = PBXFileReference; lastKnownFileType = sourcecode.swift; path = BluetoothManager.swift; sourceTree = "<group>"; };
		AA0000000000000000000023 /* ContentView.swift */ = {isa = PBXFileReference; lastKnownFileType = sourcecode.swift; path = ContentView.swift; sourceTree = "<group>"; };
		AA0000000000000000000024 /* Info.plist */ = {isa = PBXFileReference; lastKnownFileType = text.plist.xml; path = Info.plist; sourceTree = "<group>"; };
		AA0000000000000000000097 /* BFA7Bridge.entitlements */ = {isa = PBXFileReference; lastKnownFileType = text.plist.entitlements; path = BFA7Bridge.entitlements; sourceTree = "<group>"; };
		AA0000000000000000000025 /* BFA7EventBus.swift */ = {isa = PBXFileReference; lastKnownFileType = sourcecode.swift; path = BFA7EventBus.swift; sourceTree = "<group>"; };
		AA0000000000000000000026 /* BFA7LabModels.swift */ = {isa = PBXFileReference; lastKnownFileType = sourcecode.swift; path = BFA7LabModels.swift; sourceTree = "<group>"; };
		AA0000000000000000000027 /* GlassesTransport.swift */ = {isa = PBXFileReference; lastKnownFileType = sourcecode.swift; path = GlassesTransport.swift; sourceTree = "<group>"; };
		AA0000000000000000000028 /* MediaTransfer.swift */ = {isa = PBXFileReference; lastKnownFileType = sourcecode.swift; path = MediaTransfer.swift; sourceTree = "<group>"; };
		AA0000000000000000000029 /* AIProvider.swift */ = {isa = PBXFileReference; lastKnownFileType = sourcecode.swift; path = AIProvider.swift; sourceTree = "<group>"; };
		AA000000000000000000002A /* VoiceIO.swift */ = {isa = PBXFileReference; lastKnownFileType = sourcecode.swift; path = VoiceIO.swift; sourceTree = "<group>"; };
		AA000000000000000000002B /* CommandSession.swift */ = {isa = PBXFileReference; lastKnownFileType = sourcecode.swift; path = CommandSession.swift; sourceTree = "<group>"; };
		AA000000000000000000002C /* BFA7AppIntents.swift */ = {isa = PBXFileReference; lastKnownFileType = sourcecode.swift; path = BFA7AppIntents.swift; sourceTree = "<group>"; };
		AA000000000000000000002D /* ProtocolLab.swift */ = {isa = PBXFileReference; lastKnownFileType = sourcecode.swift; path = ProtocolLab.swift; sourceTree = "<group>"; };
		AA000000000000000000002E /* WiFiImportLab.swift */ = {isa = PBXFileReference; lastKnownFileType = sourcecode.swift; path = WiFiImportLab.swift; sourceTree = "<group>"; };
		AA000000000000000000002F /* SystemCaptureProbe.swift */ = {isa = PBXFileReference; lastKnownFileType = sourcecode.swift; path = SystemCaptureProbe.swift; sourceTree = "<group>"; };
		AA0000000000000000000091 /* SpeechTranscriber.swift */ = {isa = PBXFileReference; lastKnownFileType = sourcecode.swift; path = SpeechTranscriber.swift; sourceTree = "<group>"; };
		AA0000000000000000000093 /* BFA7SVProtocol.swift */ = {isa = PBXFileReference; lastKnownFileType = sourcecode.swift; path = BFA7SVProtocol.swift; sourceTree = "<group>"; };
		AA0000000000000000000095 /* BFA7WiFiJoiner.swift */ = {isa = PBXFileReference; lastKnownFileType = sourcecode.swift; path = BFA7WiFiJoiner.swift; sourceTree = "<group>"; };
		AA0000000000000000000099 /* BFA7WearPacketProtocol.swift */ = {isa = PBXFileReference; lastKnownFileType = sourcecode.swift; path = BFA7WearPacketProtocol.swift; sourceTree = "<group>"; };
		AA00000000000000000000A2 /* RussianAgentSession.swift */ = {isa = PBXFileReference; lastKnownFileType = sourcecode.swift; path = RussianAgentSession.swift; sourceTree = "<group>"; };
		AA00000000000000000000A4 /* MIWBTAESCTR.swift */ = {isa = PBXFileReference; lastKnownFileType = sourcecode.swift; path = MIWBTAESCTR.swift; sourceTree = "<group>"; };
/* End PBXFileReference section */

/* Begin PBXFrameworksBuildPhase section */
		AA0000000000000000000040 /* Frameworks */ = {
			isa = PBXFrameworksBuildPhase;
			buildActionMask = 2147483647;
			files = (
			);
			runOnlyForDeploymentPostprocessing = 0;
		};
/* End PBXFrameworksBuildPhase section */

/* Begin PBXGroup section */
		AA0000000000000000000030 = {
			isa = PBXGroup;
			children = (
				AA0000000000000000000031 /* BFA7Bridge */,
				AA0000000000000000000032 /* Products */,
			);
			sourceTree = "<group>";
		};
		AA0000000000000000000031 /* BFA7Bridge */ = {
			isa = PBXGroup;
			children = (
				AA0000000000000000000021 /* BFA7BridgeApp.swift */,
				AA0000000000000000000022 /* BluetoothManager.swift */,
				AA0000000000000000000023 /* ContentView.swift */,
				AA0000000000000000000025 /* BFA7EventBus.swift */,
				AA0000000000000000000026 /* BFA7LabModels.swift */,
				AA0000000000000000000027 /* GlassesTransport.swift */,
				AA0000000000000000000028 /* MediaTransfer.swift */,
				AA0000000000000000000029 /* AIProvider.swift */,
				AA000000000000000000002A /* VoiceIO.swift */,
				AA0000000000000000000091 /* SpeechTranscriber.swift */,
				AA00000000000000000000A2 /* RussianAgentSession.swift */,
				AA00000000000000000000A4 /* MIWBTAESCTR.swift */,
				AA000000000000000000002B /* CommandSession.swift */,
				AA000000000000000000002C /* BFA7AppIntents.swift */,
				AA000000000000000000002D /* ProtocolLab.swift */,
				AA0000000000000000000093 /* BFA7SVProtocol.swift */,
				AA0000000000000000000099 /* BFA7WearPacketProtocol.swift */,
				AA0000000000000000000095 /* BFA7WiFiJoiner.swift */,
				AA000000000000000000002E /* WiFiImportLab.swift */,
				AA000000000000000000002F /* SystemCaptureProbe.swift */,
				AA0000000000000000000024 /* Info.plist */,
				AA0000000000000000000097 /* BFA7Bridge.entitlements */,
			);
			path = BFA7Bridge;
			sourceTree = "<group>";
		};
		AA0000000000000000000032 /* Products */ = {
			isa = PBXGroup;
			children = (
				AA0000000000000000000020 /* BFA7Bridge.app */,
			);
			name = Products;
			sourceTree = "<group>";
		};
/* End PBXGroup section */

/* Begin PBXNativeTarget section */
		AA0000000000000000000060 /* BFA7Bridge */ = {
			isa = PBXNativeTarget;
			buildConfigurationList = AA0000000000000000000080 /* Build configuration list for PBXNativeTarget "BFA7Bridge" */;
			buildPhases = (
				AA0000000000000000000041 /* Sources */,
				AA0000000000000000000040 /* Frameworks */,
				AA0000000000000000000042 /* Resources */,
			);
			buildRules = (
			);
			dependencies = (
			);
			name = BFA7Bridge;
			productName = BFA7Bridge;
			productReference = AA0000000000000000000020 /* BFA7Bridge.app */;
			productType = "com.apple.product-type.application";
		};
/* End PBXNativeTarget section */

/* Begin PBXProject section */
		AA0000000000000000000050 /* Project object */ = {
			isa = PBXProject;
			attributes = {
				BuildIndependentTargetsInParallel = 1;
				LastUpgradeCheck = 1540;
			};
			buildConfigurationList = AA0000000000000000000070 /* Build configuration list for PBXProject "BFA7Bridge" */;
			compatibilityVersion = "Xcode 15.0";
			developmentRegion = en;
			hasScannedForEncodings = 0;
			knownRegions = (
				en,
				Base,
			);
			mainGroup = AA0000000000000000000030;
			productRefGroup = AA0000000000000000000032 /* Products */;
			projectDirPath = "";
			projectRoot = "";
			targets = (
				AA0000000000000000000060 /* BFA7Bridge */,
			);
		};
/* End PBXProject section */

/* Begin PBXResourcesBuildPhase section */
		AA0000000000000000000042 /* Resources */ = {
			isa = PBXResourcesBuildPhase;
			buildActionMask = 2147483647;
			files = (
			);
			runOnlyForDeploymentPostprocessing = 0;
		};
/* End PBXResourcesBuildPhase section */

/* Begin PBXSourcesBuildPhase section */
		AA0000000000000000000041 /* Sources */ = {
			isa = PBXSourcesBuildPhase;
			buildActionMask = 2147483647;
			files = (
				AA0000000000000000000011 /* BFA7BridgeApp.swift in Sources */,
				AA0000000000000000000012 /* BluetoothManager.swift in Sources */,
				AA0000000000000000000013 /* ContentView.swift in Sources */,
				AA0000000000000000000015 /* BFA7EventBus.swift in Sources */,
				AA0000000000000000000016 /* BFA7LabModels.swift in Sources */,
				AA0000000000000000000017 /* GlassesTransport.swift in Sources */,
				AA0000000000000000000018 /* MediaTransfer.swift in Sources */,
				AA0000000000000000000019 /* AIProvider.swift in Sources */,
				AA000000000000000000001A /* VoiceIO.swift in Sources */,
				AA000000000000000000001B /* CommandSession.swift in Sources */,
				AA000000000000000000001C /* BFA7AppIntents.swift in Sources */,
				AA000000000000000000001D /* ProtocolLab.swift in Sources */,
				AA000000000000000000001E /* WiFiImportLab.swift in Sources */,
				AA000000000000000000001F /* SystemCaptureProbe.swift in Sources */,
				AA0000000000000000000092 /* SpeechTranscriber.swift in Sources */,
				AA0000000000000000000094 /* BFA7SVProtocol.swift in Sources */,
				AA0000000000000000000096 /* BFA7WiFiJoiner.swift in Sources */,
				AA0000000000000000000098 /* BFA7WearPacketProtocol.swift in Sources */,
				AA00000000000000000000A1 /* RussianAgentSession.swift in Sources */,
				AA00000000000000000000A3 /* MIWBTAESCTR.swift in Sources */,
			);
			runOnlyForDeploymentPostprocessing = 0;
		};
/* End PBXSourcesBuildPhase section */

/* Begin XCBuildConfiguration section */
		AA0000000000000000000071 /* Debug */ = {
			isa = XCBuildConfiguration;
			buildSettings = {
				ALWAYS_SEARCH_USER_PATHS = NO;
				CLANG_ENABLE_MODULES = YES;
				SDKROOT = iphoneos;
				SUPPORTS_MACCATALYST = NO;
				CODE_SIGNING_ALLOWED = NO;
				CODE_SIGNING_REQUIRED = NO;
				CODE_SIGN_ENTITLEMENTS = BFA7Bridge/BFA7Bridge.entitlements;
				INFOPLIST_FILE = BFA7Bridge/Info.plist;
				IPHONEOS_DEPLOYMENT_TARGET = 17.0;
				PRODUCT_BUNDLE_IDENTIFIER = com.mraxeart.BFA7Bridge;
				PRODUCT_NAME = BFA7Bridge;
				SWIFT_VERSION = 5.0;
				TARGETED_DEVICE_FAMILY = 1;
			};
			name = Debug;
		};
		AA0000000000000000000072 /* Release */ = {
			isa = XCBuildConfiguration;
			buildSettings = {
				ALWAYS_SEARCH_USER_PATHS = NO;
				CLANG_ENABLE_MODULES = YES;
				SDKROOT = iphoneos;
				SUPPORTS_MACCATALYST = NO;
				CODE_SIGNING_ALLOWED = NO;
				CODE_SIGNING_REQUIRED = NO;
				CODE_SIGN_ENTITLEMENTS = BFA7Bridge/BFA7Bridge.entitlements;
				INFOPLIST_FILE = BFA7Bridge/Info.plist;
				IPHONEOS_DEPLOYMENT_TARGET = 17.0;
				PRODUCT_BUNDLE_IDENTIFIER = com.mraxeart.BFA7Bridge;
				PRODUCT_NAME = BFA7Bridge;
				SWIFT_OPTIMIZATION_LEVEL = "-O";
				SWIFT_VERSION = 5.0;
				TARGETED_DEVICE_FAMILY = 1;
			};
			name = Release;
		};
		AA0000000000000000000081 /* Debug */ = {
			isa = XCBuildConfiguration;
			buildSettings = {
				ALWAYS_SEARCH_USER_PATHS = NO;
				CLANG_ENABLE_MODULES = YES;
				CODE_SIGNING_ALLOWED = NO;
				CODE_SIGNING_REQUIRED = NO;
			};
			name = Debug;
		};
		AA0000000000000000000082 /* Release */ = {
			isa = XCBuildConfiguration;
			buildSettings = {
				ALWAYS_SEARCH_USER_PATHS = NO;
				CLANG_ENABLE_MODULES = YES;
				CODE_SIGNING_ALLOWED = NO;
				CODE_SIGNING_REQUIRED = NO;
			};
			name = Release;
		};
/* End XCBuildConfiguration section */

/* Begin XCConfigurationList section */
		AA0000000000000000000070 /* Build configuration list for PBXProject "BFA7Bridge" */ = {
			isa = XCConfigurationList;
			buildConfigurations = (
				AA0000000000000000000081 /* Debug */,
				AA0000000000000000000082 /* Release */,
			);
			defaultConfigurationIsVisible = 0;
			defaultConfigurationName = Release;
		};
		AA0000000000000000000080 /* Build configuration list for PBXNativeTarget "BFA7Bridge" */ = {
			isa = XCConfigurationList;
			buildConfigurations = (
				AA0000000000000000000071 /* Debug */,
				AA0000000000000000000072 /* Release */,
			);
			defaultConfigurationIsVisible = 0;
			defaultConfigurationName = Release;
		};
/* End XCConfigurationList section */
	};
	rootObject = AA0000000000000000000050 /* Project object */;
}
